
Microsoft Visual Studio Solution File, Format Version 12.00
# Visual Studio Version 17
VisualStudioVersion = 17.0.31521.260
MinimumVisualStudioVersion = 10.0.40219.1
Project("{9A19103F-16F7-4668-BE54-9A1E7A4F7556}") = "PcapStream", "src\PcapStream\PcapStream.csproj", "{AFE17B59-5A05-467E-895E-CA9B5DE3CFAD}"
EndProject
Project("{FAE04EC0-301F-11D3-BF4B-00C04F79EFBC}") = "Example", "src\Example\Example.csproj", "{17DCF60C-9F6F-4971-BB36-E62DE01997F1}"
EndProject
Global
	GlobalSection(SolutionConfigurationPlatforms) = preSolution
		Debug|Any CPU = Debug|Any CPU
		Release|Any CPU = Release|Any CPU
	EndGlobalSection
	GlobalSection(ProjectConfigurationPlatforms) = postSolution
		{AFE17B59-5A05-467E-895E-CA9B5DE3CFAD}.Debug|Any CPU.ActiveCfg = Debug|Any CPU
		{AFE17B59-5A05-467E-895E-CA9B5DE3CFAD}.Debug|Any CPU.Build.0 = Debug|Any CPU
		{AFE17B59-5A05-467E-895E-CA9B5DE3CFAD}.Release|Any CPU.ActiveCfg = Release|Any CPU
		{AFE17B59-5A05-467E-895E-CA9B5DE3CFAD}.Release|Any CPU.Build.0 = Release|Any CPU
		{17DCF60C-9F6F-4971-BB36-E62DE01997F1}.Debug|Any CPU.ActiveCfg = Debug|Any CPU
		{17DCF60C-9F6F-4971-BB36-E62DE01997F1}.Debug|Any CPU.Build.0 = Debug|Any CPU
		{17DCF60C-9F6F-4971-BB36-E62DE01997F1}.Release|Any CPU.ActiveCfg = Release|Any CPU
		{17DCF60C-9F6F-4971-BB36-E62DE01997F1}.Release|Any CPU.Build.0 = Release|Any CPU
	EndGlobalSection
	GlobalSection(SolutionProperties) = preSolution
		HideSolutionNode = FALSE
	EndGlobalSection
	GlobalSection(ExtensibilityGlobals) = postSolution
		SolutionGuid = {FBC04A79-B31A-4CAC-9B20-0513F110D95E}
	EndGlobalSection
EndGlobal
